<?xml version="1.0" encoding="utf-8"?>
<Project ToolsVersion="4.0" xmlns="http://schemas.microsoft.com/developer/msbuild/2003">
  <ItemGroup>
    <Filter Include="Source Files">
      <UniqueIdentifier>{4FC737F1-C7A5-4376-A066-2A32D752A2FF}</UniqueIdentifier>
      <Extensions>cpp;c;cc;cxx;def;odl;idl;hpj;bat;asm;asmx</Extensions>
    </Filter>
    <Filter Include="Header Files">
      <UniqueIdentifier>{93995380-89BD-4b04-88EB-625FBE52EBFB}</UniqueIdentifier>
      <Extensions>h;hh;hpp;hxx;hm;inl;inc;ipp;xsd</Extensions>
    </Filter>
    <Filter Include="Resource Files">
      <UniqueIdentifier>{67DA6AB6-F800-4c08-8B7A-83BB121AAD01}</UniqueIdentifier>
      <Extensions>rc;ico;cur;bmp;dlg;rc2;rct;bin;rgs;gif;jpg;jpeg;jpe;resx;tiff;tif;png;wav;mfcribbon-ms</Extensions>
    </Filter>
    <Filter Include="imgui">
      <UniqueIdentifier>{7087eab2-1aad-4943-b767-4207da821ec1}</UniqueIdentifier>
    </Filter>
    <Filter Include="pybind11">
      <UniqueIdentifier>{51b1da84-3037-4bfb-9760-b2007d9ec154}</UniqueIdentifier>
    </Filter>
  </ItemGroup>
  <ItemGroup>
    <ClCompile Include="main.cpp">
      <Filter>Source Files</Filter>
    </ClCompile>
    <ClCompile Include="node_graph.cpp">
      <Filter>Source Files</Filter>
    </ClCompile>
    <ClCompile Include="node.cpp">
      <Filter>Source Files</Filter>
    </ClCompile>
    <ClCompile Include="node_link.cpp">
      <Filter>Source Files</Filter>
    </ClCompile>
    <ClCompile Include="node_conn.cpp">
      <Filter>Source Files</Filter>
    </ClCompile>
    <ClCompile Include="node_vec.cpp">
      <Filter>Source Files</Filter>
    </ClCompile>
    <ClCompile Include="module.cpp">
      <Filter>Source Files</Filter>
    </ClCompile>
    <ClCompile Include="include\imgui\imgui.cpp">
      <Filter>imgui</Filter>
    </ClCompile>
    <ClCompile Include="include\imgui\imgui_demo.cpp">
      <Filter>imgui</Filter>
    </ClCompile>
    <ClCompile Include="include\imgui\imgui_draw.cpp">
      <Filter>imgui</Filter>
    </ClCompile>
    <ClCompile Include="include\imgui\imgui_impl_dx9.cpp">
      <Filter>imgui</Filter>
    </ClCompile>
    <ClCompile Include="include\imgui\imgui_impl_win32.cpp">
      <Filter>imgui</Filter>
    </ClCompile>
    <ClCompile Include="include\imgui\imgui_node_graph_test.cpp">
      <Filter>imgui</Filter>
    </ClCompile>
    <ClCompile Include="include\imgui\imgui_nodes.cpp">
      <Filter>imgui</Filter>
    </ClCompile>
    <ClCompile Include="include\imgui\imgui_widgets.cpp">
      <Filter>imgui</Filter>
    </ClCompile>
  </ItemGroup>
  <ItemGroup>
    <ClInclude Include="node.h">
      <Filter>Header Files</Filter>
    </ClInclude>
    <ClInclude Include="node_link.h">
      <Filter>Header Files</Filter>
    </ClInclude>
    <ClInclude Include="node_conn.h">
      <Filter>Header Files</Filter>
    </ClInclude>
    <ClInclude Include="node_vec.h">
      <Filter>Header Files</Filter>
    </ClInclude>
    <ClInclude Include="module.h">
      <Filter>Header Files</Filter>
    </ClInclude>
    <ClInclude Include="include\imgui\imconfig.h">
      <Filter>imgui</Filter>
    </ClInclude>
    <ClInclude Include="include\imgui\imgui.h">
      <Filter>imgui</Filter>
    </ClInclude>
    <ClInclude Include="include\imgui\imgui_impl_dx9.h">
      <Filter>imgui</Filter>
    </ClInclude>
    <ClInclude Include="include\imgui\imgui_impl_win32.h">
      <Filter>imgui</Filter>
    </ClInclude>
    <ClInclude Include="include\imgui\imgui_internal.h">
      <Filter>imgui</Filter>
    </ClInclude>
    <ClInclude Include="include\imgui\imstb_rectpack.h">
      <Filter>imgui</Filter>
    </ClInclude>
    <ClInclude Include="include\imgui\imstb_textedit.h">
      <Filter>imgui</Filter>
    </ClInclude>
    <ClInclude Include="include\imgui\imstb_truetype.h">
      <Filter>imgui</Filter>
    </ClInclude>
    <ClInclude Include="include\pybind11\attr.h">
      <Filter>pybind11</Filter>
    </ClInclude>
    <ClInclude Include="include\pybind11\buffer_info.h">
      <Filter>pybind11</Filter>
    </ClInclude>
    <ClInclude Include="include\pybind11\cast.h">
      <Filter>pybind11</Filter>
    </ClInclude>
    <ClInclude Include="include\pybind11\chrono.h">
      <Filter>pybind11</Filter>
    </ClInclude>
    <ClInclude Include="include\pybind11\common.h">
      <Filter>pybind11</Filter>
    </ClInclude>
    <ClInclude Include="include\pybind11\complex.h">
      <Filter>pybind11</Filter>
    </ClInclude>
    <ClInclude Include="include\pybind11\eigen.h">
      <Filter>pybind11</Filter>
    </ClInclude>
    <ClInclude Include="include\pybind11\embed.h">
      <Filter>pybind11</Filter>
    </ClInclude>
    <ClInclude Include="include\pybind11\eval.h">
      <Filter>pybind11</Filter>
    </ClInclude>
    <ClInclude Include="include\pybind11\functional.h">
      <Filter>pybind11</Filter>
    </ClInclude>
    <ClInclude Include="include\pybind11\iostream.h">
      <Filter>pybind11</Filter>
    </ClInclude>
    <ClInclude Include="include\pybind11\numpy.h">
      <Filter>pybind11</Filter>
    </ClInclude>
    <ClInclude Include="include\pybind11\operators.h">
      <Filter>pybind11</Filter>
    </ClInclude>
    <ClInclude Include="include\pybind11\options.h">
      <Filter>pybind11</Filter>
    </ClInclude>
    <ClInclude Include="include\pybind11\pybind11.h">
      <Filter>pybind11</Filter>
    </ClInclude>
    <ClInclude Include="include\pybind11\pytypes.h">
      <Filter>pybind11</Filter>
    </ClInclude>
    <ClInclude Include="include\pybind11\stl.h">
      <Filter>pybind11</Filter>
    </ClInclude>
    <ClInclude Include="include\pybind11\stl_bind.h">
      <Filter>pybind11</Filter>
    </ClInclude>
    <ClInclude Include="include\pybind11\detail\class.h">
      <Filter>pybind11</Filter>
    </ClInclude>
    <ClInclude Include="include\pybind11\detail\common.h">
      <Filter>pybind11</Filter>
    </ClInclude>
    <ClInclude Include="include\pybind11\detail\descr.h">
      <Filter>pybind11</Filter>
    </ClInclude>
    <ClInclude Include="include\pybind11\detail\init.h">
      <Filter>pybind11</Filter>
    </ClInclude>
    <ClInclude Include="include\pybind11\detail\internals.h">
      <Filter>pybind11</Filter>
    </ClInclude>
    <ClInclude Include="include\pybind11\detail\typeid.h">
      <Filter>pybind11</Filter>
    </ClInclude>
  </ItemGroup>
  <ItemGroup>
    <None Include="include\imgui\imgui.ini" />
  </ItemGroup>
</Project>